
Microsoft Visual Studio Solution File, Format Version 12.00
# Visual Studio Version 17
VisualStudioVersion = 17.0.31903.59
MinimumVisualStudioVersion = 10.0.40219.1
Project("{FAE04EC0-301F-11D3-BF4B-00C04F79EFBC}") = "LightHouseDomain", "LightHouseDomain\LightHouseDomain.csproj", "{212EBECF-8600-4EC7-B34C-E8D7FA36EF3A}"
EndProject
Project("{FAE04EC0-301F-11D3-BF4B-00C04F79EFBC}") = "LightHouseApplication", "LightHouseApplication\LightHouseApplication.csproj", "{CA564BA3-7A2C-44A4-8366-0835A91A0217}"
EndProject
Project("{FAE04EC0-301F-11D3-BF4B-00C04F79EFBC}") = "LightHouseInfrastructure", "LightHouseInfrastructure\LightHouseInfrastructure.csproj", "{C4CED9E2-C676-42B1-B42C-5C34CE47FBD6}"
EndProject
Project("{FAE04EC0-301F-11D3-BF4B-00C04F79EFBC}") = "LightHouseData", "LightHouseData\LightHouseData.csproj", "{1433153C-2161-4E59-8278-61984CAA51F0}"
EndProject
Project("{FAE04EC0-301F-11D3-BF4B-00C04F79EFBC}") = "LightHouseWebApi", "LightHouseWebApi\LightHouseWebApi.csproj", "{98765432-4321-4321-4321-210987654321}"
EndProject
Project("{2150E333-8FDC-42A3-9474-1A3956D46DE8}") = "Test", "Test", "{0C88DD14-F956-CE84-757C-A364CCF449FC}"
EndProject
Project("{FAE04EC0-301F-11D3-BF4B-00C04F79EFBC}") = "LightHouseTests", "LightHouseTests\LightHouseTests.csproj", "{469F7F45-4D52-4C37-9A4C-0BA448F79E49}"
EndProject
Project("{FAE04EC0-301F-11D3-BF4B-00C04F79EFBC}") = "LightHouseIntegrationTests", "LightHouseIntegrationTests\LightHouseIntegrationTests.csproj", "{3E87BD96-358F-4498-88BA-3384DB484427}"
EndProject
Project("{2150E333-8FDC-42A3-9474-1A3956D46DE8}") = "Clients", "Clients", "{9123F88B-E531-3118-42D7-ED8CEF4BD00E}"
EndProject
Project("{FAE04EC0-301F-11D3-BF4B-00C04F79EFBC}") = "TerminalApp", "Clients\TerminalApp\TerminalApp.csproj", "{57A1AD89-5782-4812-9348-903D50CD3E6C}"
EndProject
Project("{FAE04EC0-301F-11D3-BF4B-00C04F79EFBC}") = "LightHouseODataApi", "LightHouseODataApi\LightHouseODataApi.csproj", "{AD4ACA65-ACA4-45AF-8499-5058CAAA7E3E}"
EndProject
Project("{FAE04EC0-301F-11D3-BF4B-00C04F79EFBC}") = "LightHouseBackOffice", "LightHouseBackOffice\LightHouseBackOffice.csproj", "{5B003FD9-A657-4F48-B0FF-15D1AE540AB2}"
EndProject
Global
	GlobalSection(SolutionConfigurationPlatforms) = preSolution
		Debug|Any CPU = Debug|Any CPU
		Release|Any CPU = Release|Any CPU
	EndGlobalSection
	GlobalSection(ProjectConfigurationPlatforms) = postSolution
		{212EBECF-8600-4EC7-B34C-E8D7FA36EF3A}.Debug|Any CPU.ActiveCfg = Debug|Any CPU
		{212EBECF-8600-4EC7-B34C-E8D7FA36EF3A}.Debug|Any CPU.Build.0 = Debug|Any CPU
		{212EBECF-8600-4EC7-B34C-E8D7FA36EF3A}.Release|Any CPU.ActiveCfg = Release|Any CPU
		{212EBECF-8600-4EC7-B34C-E8D7FA36EF3A}.Release|Any CPU.Build.0 = Release|Any CPU
		{CA564BA3-7A2C-44A4-8366-0835A91A0217}.Debug|Any CPU.ActiveCfg = Debug|Any CPU
		{CA564BA3-7A2C-44A4-8366-0835A91A0217}.Debug|Any CPU.Build.0 = Debug|Any CPU
		{CA564BA3-7A2C-44A4-8366-0835A91A0217}.Release|Any CPU.ActiveCfg = Release|Any CPU
		{CA564BA3-7A2C-44A4-8366-0835A91A0217}.Release|Any CPU.Build.0 = Release|Any CPU
		{C4CED9E2-C676-42B1-B42C-5C34CE47FBD6}.Debug|Any CPU.ActiveCfg = Debug|Any CPU
		{C4CED9E2-C676-42B1-B42C-5C34CE47FBD6}.Debug|Any CPU.Build.0 = Debug|Any CPU
		{C4CED9E2-C676-42B1-B42C-5C34CE47FBD6}.Release|Any CPU.ActiveCfg = Release|Any CPU
		{C4CED9E2-C676-42B1-B42C-5C34CE47FBD6}.Release|Any CPU.Build.0 = Release|Any CPU
		{1433153C-2161-4E59-8278-61984CAA51F0}.Debug|Any CPU.ActiveCfg = Debug|Any CPU
		{1433153C-2161-4E59-8278-61984CAA51F0}.Debug|Any CPU.Build.0 = Debug|Any CPU
		{1433153C-2161-4E59-8278-61984CAA51F0}.Release|Any CPU.ActiveCfg = Release|Any CPU
		{1433153C-2161-4E59-8278-61984CAA51F0}.Release|Any CPU.Build.0 = Release|Any CPU
		{98765432-4321-4321-4321-210987654321}.Debug|Any CPU.ActiveCfg = Debug|Any CPU
		{98765432-4321-4321-4321-210987654321}.Debug|Any CPU.Build.0 = Debug|Any CPU
		{98765432-4321-4321-4321-210987654321}.Release|Any CPU.ActiveCfg = Release|Any CPU
		{98765432-4321-4321-4321-210987654321}.Release|Any CPU.Build.0 = Release|Any CPU
		{469F7F45-4D52-4C37-9A4C-0BA448F79E49}.Debug|Any CPU.ActiveCfg = Debug|Any CPU
		{469F7F45-4D52-4C37-9A4C-0BA448F79E49}.Debug|Any CPU.Build.0 = Debug|Any CPU
		{469F7F45-4D52-4C37-9A4C-0BA448F79E49}.Release|Any CPU.ActiveCfg = Release|Any CPU
		{469F7F45-4D52-4C37-9A4C-0BA448F79E49}.Release|Any CPU.Build.0 = Release|Any CPU
		{3E87BD96-358F-4498-88BA-3384DB484427}.Debug|Any CPU.ActiveCfg = Debug|Any CPU
		{3E87BD96-358F-4498-88BA-3384DB484427}.Debug|Any CPU.Build.0 = Debug|Any CPU
		{3E87BD96-358F-4498-88BA-3384DB484427}.Release|Any CPU.ActiveCfg = Release|Any CPU
		{3E87BD96-358F-4498-88BA-3384DB484427}.Release|Any CPU.Build.0 = Release|Any CPU
		{57A1AD89-5782-4812-9348-903D50CD3E6C}.Debug|Any CPU.ActiveCfg = Debug|Any CPU
		{57A1AD89-5782-4812-9348-903D50CD3E6C}.Debug|Any CPU.Build.0 = Debug|Any CPU
		{57A1AD89-5782-4812-9348-903D50CD3E6C}.Release|Any CPU.ActiveCfg = Release|Any CPU
		{57A1AD89-5782-4812-9348-903D50CD3E6C}.Release|Any CPU.Build.0 = Release|Any CPU
		{AD4ACA65-ACA4-45AF-8499-5058CAAA7E3E}.Debug|Any CPU.ActiveCfg = Debug|Any CPU
		{AD4ACA65-ACA4-45AF-8499-5058CAAA7E3E}.Debug|Any CPU.Build.0 = Debug|Any CPU
		{AD4ACA65-ACA4-45AF-8499-5058CAAA7E3E}.Release|Any CPU.ActiveCfg = Release|Any CPU
		{AD4ACA65-ACA4-45AF-8499-5058CAAA7E3E}.Release|Any CPU.Build.0 = Release|Any CPU
		{5B003FD9-A657-4F48-B0FF-15D1AE540AB2}.Debug|Any CPU.ActiveCfg = Debug|Any CPU
		{5B003FD9-A657-4F48-B0FF-15D1AE540AB2}.Debug|Any CPU.Build.0 = Debug|Any CPU
		{5B003FD9-A657-4F48-B0FF-15D1AE540AB2}.Release|Any CPU.ActiveCfg = Release|Any CPU
		{5B003FD9-A657-4F48-B0FF-15D1AE540AB2}.Release|Any CPU.Build.0 = Release|Any CPU
	EndGlobalSection
	GlobalSection(SolutionProperties) = preSolution
		HideSolutionNode = FALSE
	EndGlobalSection
	GlobalSection(NestedProjects) = preSolution
		{469F7F45-4D52-4C37-9A4C-0BA448F79E49} = {0C88DD14-F956-CE84-757C-A364CCF449FC}
		{3E87BD96-358F-4498-88BA-3384DB484427} = {0C88DD14-F956-CE84-757C-A364CCF449FC}
		{57A1AD89-5782-4812-9348-903D50CD3E6C} = {9123F88B-E531-3118-42D7-ED8CEF4BD00E}
	EndGlobalSection
	GlobalSection(ExtensibilityGlobals) = postSolution
		SolutionGuid = {12345678-1234-1234-1234-123456789012}
	EndGlobalSection
EndGlobal
