
Microsoft Visual Studio Solution File, Format Version 12.00
# Visual Studio Version 17
VisualStudioVersion = 17.0.31903.59
MinimumVisualStudioVersion = 10.0.40219.1
Project("{FAE04EC0-301F-11D3-BF4B-00C04F79EFBC}") = "LightHouseDomain", "LightHouseDomain\LightHouseDomain.csproj", "{212EBECF-8600-4EC7-B34C-E8D7FA36EF3A}"
EndProject
Project("{FAE04EC0-301F-11D3-BF4B-00C04F79EFBC}") = "LightHouseApplication", "LightHouseApplication\LightHouseApplication.csproj", "{CA564BA3-7A2C-44A4-8366-0835A91A0217}"
EndProject
Project("{FAE04EC0-301F-11D3-BF4B-00C04F79EFBC}") = "LightHouseTests", "LightHouseTests\LightHouseTests.csproj", "{2DC25EBA-090F-457B-9B4D-665E88092810}"
EndProject
Global
	GlobalSection(SolutionConfigurationPlatforms) = preSolution
		Debug|Any CPU = Debug|Any CPU
		Release|Any CPU = Release|Any CPU
	EndGlobalSection
	GlobalSection(ProjectConfigurationPlatforms) = postSolution
		{212EBECF-8600-4EC7-B34C-E8D7FA36EF3A}.Debug|Any CPU.ActiveCfg = Debug|Any CPU
		{212EBECF-8600-4EC7-B34C-E8D7FA36EF3A}.Debug|Any CPU.Build.0 = Debug|Any CPU
		{212EBECF-8600-4EC7-B34C-E8D7FA36EF3A}.Release|Any CPU.ActiveCfg = Release|Any CPU
		{212EBECF-8600-4EC7-B34C-E8D7FA36EF3A}.Release|Any CPU.Build.0 = Release|Any CPU
		{CA564BA3-7A2C-44A4-8366-0835A91A0217}.Debug|Any CPU.ActiveCfg = Debug|Any CPU
		{CA564BA3-7A2C-44A4-8366-0835A91A0217}.Debug|Any CPU.Build.0 = Debug|Any CPU
		{CA564BA3-7A2C-44A4-8366-0835A91A0217}.Release|Any CPU.ActiveCfg = Release|Any CPU
		{CA564BA3-7A2C-44A4-8366-0835A91A0217}.Release|Any CPU.Build.0 = Release|Any CPU
		{2DC25EBA-090F-457B-9B4D-665E88092810}.Debug|Any CPU.ActiveCfg = Debug|Any CPU
		{2DC25EBA-090F-457B-9B4D-665E88092810}.Debug|Any CPU.Build.0 = Debug|Any CPU
		{2DC25EBA-090F-457B-9B4D-665E88092810}.Release|Any CPU.ActiveCfg = Release|Any CPU
		{2DC25EBA-090F-457B-9B4D-665E88092810}.Release|Any CPU.Build.0 = Release|Any CPU
	EndGlobalSection
	GlobalSection(SolutionProperties) = preSolution
		HideSolutionNode = FALSE
	EndGlobalSection
	GlobalSection(ExtensibilityGlobals) = postSolution
		SolutionGuid = {12345678-1234-1234-1234-123456789012}
	EndGlobalSection
EndGlobal
